
Microsoft Visual Studio Solution File, Format Version 12.00
# Visual Studio Version 17
VisualStudioVersion = 17.5.002.0
MinimumVisualStudioVersion = 10.0.40219.1
Project("{9A19103F-16F7-4668-BE54-9A1E7A4F7556}") = "rpg-2023-Ragahe10", "rpg-2023-Ragahe10.csproj", "{64BFD0F4-ADE6-4AB4-A6E8-A116A5E940A5}"
EndProject
Global
	GlobalSection(SolutionConfigurationPlatforms) = preSolution
		Debug|Any CPU = Debug|Any CPU
		Release|Any CPU = Release|Any CPU
	EndGlobalSection
	GlobalSection(ProjectConfigurationPlatforms) = postSolution
		{64BFD0F4-ADE6-4AB4-A6E8-A116A5E940A5}.Debug|Any CPU.ActiveCfg = Debug|Any CPU
		{64BFD0F4-ADE6-4AB4-A6E8-A116A5E940A5}.Debug|Any CPU.Build.0 = Debug|Any CPU
		{64BFD0F4-ADE6-4AB4-A6E8-A116A5E940A5}.Release|Any CPU.ActiveCfg = Release|Any CPU
		{64BFD0F4-ADE6-4AB4-A6E8-A116A5E940A5}.Release|Any CPU.Build.0 = Release|Any CPU
	EndGlobalSection
	GlobalSection(SolutionProperties) = preSolution
		HideSolutionNode = FALSE
	EndGlobalSection
	GlobalSection(ExtensibilityGlobals) = postSolution
		SolutionGuid = {C83750F0-7458-4BE8-9C8B-EC3EA5E551A6}
	EndGlobalSection
EndGlobal
